// !$*UTF8*$!
{
	archiveVersion = 1;
	classes = {
	};
	objectVersion = 77;
	objects = {

/* Begin PBXBuildFile section */
		C829C67E2F36604A00B5FE01 /* AuthorDetailView.swift in Sources */ = {isa = PBXBuildFile; fileRef = C829C67D2F36604900B5FE01 /* AuthorDetailView.swift */; };
		C829C6802F36605D00B5FE01 /* MangasByAuthorViewModel.swift in Sources */ = {isa = PBXBuildFile; fileRef = C829C67F2F36605D00B5FE01 /* MangasByAuthorViewModel.swift */; };
		C829C6822F36642400B5FE01 /* icon.icon in Resources */ = {isa = PBXBuildFile; fileRef = C829C6812F36642400B5FE01 /* icon.icon */; };
		C87D52362F2A7E1600243D35 /* Assets.xcassets in Resources */ = {isa = PBXBuildFile; fileRef = C87D52322F2A7E1600243D35 /* Assets.xcassets */; };
		C87D52372F2A7E1600243D35 /* ContentView.swift in Sources */ = {isa = PBXBuildFile; fileRef = C87D52332F2A7E1600243D35 /* ContentView.swift */; };
		C87D52382F2A7E1600243D35 /* SDP26App.swift in Sources */ = {isa = PBXBuildFile; fileRef = C87D52342F2A7E1600243D35 /* SDP26App.swift */; };
		C87D523B2F2A7E3200243D35 /* AuthorRole.swift in Sources */ = {isa = PBXBuildFile; fileRef = C87D523A2F2A7E3200243D35 /* AuthorRole.swift */; };
		C87D523D2F2A7EC500243D35 /* MangaStatus.swift in Sources */ = {isa = PBXBuildFile; fileRef = C87D523C2F2A7EC500243D35 /* MangaStatus.swift */; };
		C87D523F2F2A7F5500243D35 /* ThemeDTO.swift in Sources */ = {isa = PBXBuildFile; fileRef = C87D523E2F2A7F5500243D35 /* ThemeDTO.swift */; };
		C87D52412F2A7F9700243D35 /* AuthorsIdsRequest.swift in Sources */ = {isa = PBXBuildFile; fileRef = C87D52402F2A7F9700243D35 /* AuthorsIdsRequest.swift */; };
		C87D52432F2A7FC400243D35 /* GenreDTO.swift in Sources */ = {isa = PBXBuildFile; fileRef = C87D52422F2A7FC400243D35 /* GenreDTO.swift */; };
		C87D52452F2A806900243D35 /* PageMetadataDTO.swift in Sources */ = {isa = PBXBuildFile; fileRef = C87D52442F2A806900243D35 /* PageMetadataDTO.swift */; };
		C87D52472F2A80CF00243D35 /* CustomSearch.swift in Sources */ = {isa = PBXBuildFile; fileRef = C87D52462F2A80CF00243D35 /* CustomSearch.swift */; };
		C87D52492F2A815400243D35 /* AuthorDTO.swift in Sources */ = {isa = PBXBuildFile; fileRef = C87D52482F2A815400243D35 /* AuthorDTO.swift */; };
		C87D524B2F2A81F500243D35 /* UserMangaCollectionRequest.swift in Sources */ = {isa = PBXBuildFile; fileRef = C87D524A2F2A81F500243D35 /* UserMangaCollectionRequest.swift */; };
		C87D524D2F2A836F00243D35 /* DemographicDTO.swift in Sources */ = {isa = PBXBuildFile; fileRef = C87D524C2F2A836F00243D35 /* DemographicDTO.swift */; };
		C87D524F2F2A84C400243D35 /* JWTTokenResponse.swift in Sources */ = {isa = PBXBuildFile; fileRef = C87D524E2F2A84C400243D35 /* JWTTokenResponse.swift */; };
		C87D52512F2A84E100243D35 /* UsersCreate.swift in Sources */ = {isa = PBXBuildFile; fileRef = C87D52502F2A84E100243D35 /* UsersCreate.swift */; };
		C87D52532F2A852D00243D35 /* UserResponse.swift in Sources */ = {isa = PBXBuildFile; fileRef = C87D52522F2A852D00243D35 /* UserResponse.swift */; };
		C87D52552F2A880B00243D35 /* AuthorPageDTO.swift in Sources */ = {isa = PBXBuildFile; fileRef = C87D52542F2A880B00243D35 /* AuthorPageDTO.swift */; };
		C87D52572F2A88E400243D35 /* Demographic.swift in Sources */ = {isa = PBXBuildFile; fileRef = C87D52562F2A88E400243D35 /* Demographic.swift */; };
		C87D52592F2A892200243D35 /* MangaDTO.swift in Sources */ = {isa = PBXBuildFile; fileRef = C87D52582F2A892200243D35 /* MangaDTO.swift */; };
		C87D525B2F2A8A5100243D35 /* MangaPageDTO.swift in Sources */ = {isa = PBXBuildFile; fileRef = C87D525A2F2A8A5100243D35 /* MangaPageDTO.swift */; };
		C87D525D2F2A8BF400243D35 /* UserMangaCollectionDTO.swift in Sources */ = {isa = PBXBuildFile; fileRef = C87D525C2F2A8BF400243D35 /* UserMangaCollectionDTO.swift */; };
		C87D52612F2A8FE900243D35 /* AuthorsListView.swift in Sources */ = {isa = PBXBuildFile; fileRef = C87D52602F2A8FE900243D35 /* AuthorsListView.swift */; };
		C87D52672F2A9A2100243D35 /* NetworkAPI in Frameworks */ = {isa = PBXBuildFile; productRef = C87D52662F2A9A2100243D35 /* NetworkAPI */; };
		C88327042F2E816F007A2AE8 /* MangaViewModel.swift in Sources */ = {isa = PBXBuildFile; fileRef = C88327032F2E816F007A2AE8 /* MangaViewModel.swift */; };
		C88327062F2E82F5007A2AE8 /* BestMangaViewModel.swift in Sources */ = {isa = PBXBuildFile; fileRef = C88327052F2E82F5007A2AE8 /* BestMangaViewModel.swift */; };
		C88327082F2E8CCD007A2AE8 /* AuthorViewModel.swift in Sources */ = {isa = PBXBuildFile; fileRef = C88327072F2E8CCD007A2AE8 /* AuthorViewModel.swift */; };
		C883270A2F2E8CD3007A2AE8 /* ThemeViewModel.swift in Sources */ = {isa = PBXBuildFile; fileRef = C88327092F2E8CD3007A2AE8 /* ThemeViewModel.swift */; };
		C883270C2F2E8CE7007A2AE8 /* GenreViewModel.swift in Sources */ = {isa = PBXBuildFile; fileRef = C883270B2F2E8CE7007A2AE8 /* GenreViewModel.swift */; };
		C883270E2F2E8CFB007A2AE8 /* DemographicViewModel.swift in Sources */ = {isa = PBXBuildFile; fileRef = C883270D2F2E8CFB007A2AE8 /* DemographicViewModel.swift */; };
		C88327102F2E9411007A2AE8 /* MangaBeginsWithViewModel.swift in Sources */ = {isa = PBXBuildFile; fileRef = C883270F2F2E9411007A2AE8 /* MangaBeginsWithViewModel.swift */; };
		C88327122F2F6BBD007A2AE8 /* AuthorByNameViewModel.swift in Sources */ = {isa = PBXBuildFile; fileRef = C88327112F2F6BBD007A2AE8 /* AuthorByNameViewModel.swift */; };
		C88327142F2F8072007A2AE8 /* CustomSearchViewModel.swift in Sources */ = {isa = PBXBuildFile; fileRef = C88327132F2F8072007A2AE8 /* CustomSearchViewModel.swift */; };
		C88327162F2F8092007A2AE8 /* CustomSearchSheet.swift in Sources */ = {isa = PBXBuildFile; fileRef = C88327152F2F8092007A2AE8 /* CustomSearchSheet.swift */; };
		C88327182F2FADB5007A2AE8 /* SearchFormViewModel.swift in Sources */ = {isa = PBXBuildFile; fileRef = C88327172F2FADB5007A2AE8 /* SearchFormViewModel.swift */; };
		C886A87C2F311CBF00A6EE9F /* EmptyStateView.swift in Sources */ = {isa = PBXBuildFile; fileRef = C886A87A2F311CBF00A6EE9F /* EmptyStateView.swift */; };
		C886A87E2F311E6300A6EE9F /* MangaRow.swift in Sources */ = {isa = PBXBuildFile; fileRef = C886A87D2F311E6300A6EE9F /* MangaRow.swift */; };
		C886A8822F312BC400A6EE9F /* CachedAsyncImage.swift in Sources */ = {isa = PBXBuildFile; fileRef = C886A8812F312BC400A6EE9F /* CachedAsyncImage.swift */; };
		C886A8842F312E6B00A6EE9F /* MultiSelectMenu.swift in Sources */ = {isa = PBXBuildFile; fileRef = C886A8832F312E6B00A6EE9F /* MultiSelectMenu.swift */; };
		C886A8882F312FF700A6EE9F /* ConfirmButton.swift in Sources */ = {isa = PBXBuildFile; fileRef = C886A8872F312FF700A6EE9F /* ConfirmButton.swift */; };
		C886A88A2F31340F00A6EE9F /* MangaDetailView.swift in Sources */ = {isa = PBXBuildFile; fileRef = C886A8892F31340F00A6EE9F /* MangaDetailView.swift */; };
		C886A88C2F3138B500A6EE9F /* PreviewData.swift in Sources */ = {isa = PBXBuildFile; fileRef = C886A88B2F3138B500A6EE9F /* PreviewData.swift */; };
		C886A9052F326A4F00A6EE9F /* MangaListView.swift in Sources */ = {isa = PBXBuildFile; fileRef = C886A9042F326A4F00A6EE9F /* MangaListView.swift */; };
		C886A9072F326C0E00A6EE9F /* BestMangasCaroussel.swift in Sources */ = {isa = PBXBuildFile; fileRef = C886A9062F326C0E00A6EE9F /* BestMangasCaroussel.swift */; };
		C886A90E2F33508E00A6EE9F /* SearchView.swift in Sources */ = {isa = PBXBuildFile; fileRef = C886A90D2F33508E00A6EE9F /* SearchView.swift */; };
		C886A9102F33610700A6EE9F /* CollectionView.swift in Sources */ = {isa = PBXBuildFile; fileRef = C886A90F2F33610700A6EE9F /* CollectionView.swift */; };
		C886A9122F3363C600A6EE9F /* ProfileView.swift in Sources */ = {isa = PBXBuildFile; fileRef = C886A9112F3363C600A6EE9F /* ProfileView.swift */; };
		C886A9142F33656F00A6EE9F /* CollectionCategoryView.swift in Sources */ = {isa = PBXBuildFile; fileRef = C886A9132F33656F00A6EE9F /* CollectionCategoryView.swift */; };
		C886A9152F3380A000A6EE9F /* ViewModifiers.swift in Sources */ = {isa = PBXBuildFile; fileRef = C886A9162F3380A000A6EE9F /* ViewModifiers.swift */; };
		C886A9172F3381B000A6EE9F /* MangaDetailComponents.swift in Sources */ = {isa = PBXBuildFile; fileRef = C886A9182F3381B000A6EE9F /* MangaDetailComponents.swift */; };
		C886A9192F3382C000A6EE9F /* MangaCollectionCard.swift in Sources */ = {isa = PBXBuildFile; fileRef = C886A91A2F3382C000A6EE9F /* MangaCollectionCard.swift */; };
		C89231462F2BD26F00001E62 /* URL.swift in Sources */ = {isa = PBXBuildFile; fileRef = C89231452F2BD26F00001E62 /* URL.swift */; };
		C89231492F2BD39C00001E62 /* NetworkRepository.swift in Sources */ = {isa = PBXBuildFile; fileRef = C89231482F2BD39C00001E62 /* NetworkRepository.swift */; };
		C892314C2F2BD51400001E62 /* MangaFetcher.swift in Sources */ = {isa = PBXBuildFile; fileRef = C892314B2F2BD51400001E62 /* MangaFetcher.swift */; };
/* End PBXBuildFile section */

/* Begin PBXFileReference section */
		C829C67D2F36604900B5FE01 /* AuthorDetailView.swift */ = {isa = PBXFileReference; lastKnownFileType = sourcecode.swift; path = AuthorDetailView.swift; sourceTree = "<group>"; };
		C829C67F2F36605D00B5FE01 /* MangasByAuthorViewModel.swift */ = {isa = PBXFileReference; lastKnownFileType = sourcecode.swift; path = MangasByAuthorViewModel.swift; sourceTree = "<group>"; };
		C829C6812F36642400B5FE01 /* icon.icon */ = {isa = PBXFileReference; lastKnownFileType = folder.iconcomposer.icon; path = icon.icon; sourceTree = "<group>"; };
		C87D52242F2A7B6600243D35 /* SDP26.app */ = {isa = PBXFileReference; explicitFileType = wrapper.application; includeInIndex = 0; path = SDP26.app; sourceTree = BUILT_PRODUCTS_DIR; };
		C87D52322F2A7E1600243D35 /* Assets.xcassets */ = {isa = PBXFileReference; lastKnownFileType = folder.assetcatalog; path = Assets.xcassets; sourceTree = "<group>"; };
		C87D52332F2A7E1600243D35 /* ContentView.swift */ = {isa = PBXFileReference; lastKnownFileType = sourcecode.swift; path = ContentView.swift; sourceTree = "<group>"; };
		C87D52342F2A7E1600243D35 /* SDP26App.swift */ = {isa = PBXFileReference; lastKnownFileType = sourcecode.swift; path = SDP26App.swift; sourceTree = "<group>"; };
		C87D523A2F2A7E3200243D35 /* AuthorRole.swift */ = {isa = PBXFileReference; lastKnownFileType = sourcecode.swift; path = AuthorRole.swift; sourceTree = "<group>"; };
		C87D523C2F2A7EC500243D35 /* MangaStatus.swift */ = {isa = PBXFileReference; lastKnownFileType = sourcecode.swift; path = MangaStatus.swift; sourceTree = "<group>"; };
		C87D523E2F2A7F5500243D35 /* ThemeDTO.swift */ = {isa = PBXFileReference; lastKnownFileType = sourcecode.swift; path = ThemeDTO.swift; sourceTree = "<group>"; };
		C87D52402F2A7F9700243D35 /* AuthorsIdsRequest.swift */ = {isa = PBXFileReference; lastKnownFileType = sourcecode.swift; path = AuthorsIdsRequest.swift; sourceTree = "<group>"; };
		C87D52422F2A7FC400243D35 /* GenreDTO.swift */ = {isa = PBXFileReference; lastKnownFileType = sourcecode.swift; path = GenreDTO.swift; sourceTree = "<group>"; };
		C87D52442F2A806900243D35 /* PageMetadataDTO.swift */ = {isa = PBXFileReference; lastKnownFileType = sourcecode.swift; path = PageMetadataDTO.swift; sourceTree = "<group>"; };
		C87D52462F2A80CF00243D35 /* CustomSearch.swift */ = {isa = PBXFileReference; lastKnownFileType = sourcecode.swift; path = CustomSearch.swift; sourceTree = "<group>"; };
		C87D52482F2A815400243D35 /* AuthorDTO.swift */ = {isa = PBXFileReference; lastKnownFileType = sourcecode.swift; path = AuthorDTO.swift; sourceTree = "<group>"; };
		C87D524A2F2A81F500243D35 /* UserMangaCollectionRequest.swift */ = {isa = PBXFileReference; lastKnownFileType = sourcecode.swift; path = UserMangaCollectionRequest.swift; sourceTree = "<group>"; };
		C87D524C2F2A836F00243D35 /* DemographicDTO.swift */ = {isa = PBXFileReference; lastKnownFileType = sourcecode.swift; path = DemographicDTO.swift; sourceTree = "<group>"; };
		C87D524E2F2A84C400243D35 /* JWTTokenResponse.swift */ = {isa = PBXFileReference; lastKnownFileType = sourcecode.swift; path = JWTTokenResponse.swift; sourceTree = "<group>"; };
		C87D52502F2A84E100243D35 /* UsersCreate.swift */ = {isa = PBXFileReference; lastKnownFileType = sourcecode.swift; path = UsersCreate.swift; sourceTree = "<group>"; };
		C87D52522F2A852D00243D35 /* UserResponse.swift */ = {isa = PBXFileReference; lastKnownFileType = sourcecode.swift; path = UserResponse.swift; sourceTree = "<group>"; };
		C87D52542F2A880B00243D35 /* AuthorPageDTO.swift */ = {isa = PBXFileReference; lastKnownFileType = sourcecode.swift; path = AuthorPageDTO.swift; sourceTree = "<group>"; };
		C87D52562F2A88E400243D35 /* Demographic.swift */ = {isa = PBXFileReference; lastKnownFileType = sourcecode.swift; path = Demographic.swift; sourceTree = "<group>"; };
		C87D52582F2A892200243D35 /* MangaDTO.swift */ = {isa = PBXFileReference; lastKnownFileType = sourcecode.swift; path = MangaDTO.swift; sourceTree = "<group>"; };
		C87D525A2F2A8A5100243D35 /* MangaPageDTO.swift */ = {isa = PBXFileReference; lastKnownFileType = sourcecode.swift; path = MangaPageDTO.swift; sourceTree = "<group>"; };
		C87D525C2F2A8BF400243D35 /* UserMangaCollectionDTO.swift */ = {isa = PBXFileReference; lastKnownFileType = sourcecode.swift; path = UserMangaCollectionDTO.swift; sourceTree = "<group>"; };
		C87D52602F2A8FE900243D35 /* AuthorsListView.swift */ = {isa = PBXFileReference; lastKnownFileType = sourcecode.swift; path = AuthorsListView.swift; sourceTree = "<group>"; };
		C87D52652F2A996900243D35 /* NetworkAPI */ = {isa = PBXFileReference; lastKnownFileType = wrapper; name = NetworkAPI; path = ../NetworkAPI; sourceTree = "<group>"; };
		C88327032F2E816F007A2AE8 /* MangaViewModel.swift */ = {isa = PBXFileReference; lastKnownFileType = sourcecode.swift; path = MangaViewModel.swift; sourceTree = "<group>"; };
		C88327052F2E82F5007A2AE8 /* BestMangaViewModel.swift */ = {isa = PBXFileReference; lastKnownFileType = sourcecode.swift; path = BestMangaViewModel.swift; sourceTree = "<group>"; };
		C88327072F2E8CCD007A2AE8 /* AuthorViewModel.swift */ = {isa = PBXFileReference; lastKnownFileType = sourcecode.swift; path = AuthorViewModel.swift; sourceTree = "<group>"; };
		C88327092F2E8CD3007A2AE8 /* ThemeViewModel.swift */ = {isa = PBXFileReference; lastKnownFileType = sourcecode.swift; path = ThemeViewModel.swift; sourceTree = "<group>"; };
		C883270B2F2E8CE7007A2AE8 /* GenreViewModel.swift */ = {isa = PBXFileReference; lastKnownFileType = sourcecode.swift; path = GenreViewModel.swift; sourceTree = "<group>"; };
		C883270D2F2E8CFB007A2AE8 /* DemographicViewModel.swift */ = {isa = PBXFileReference; lastKnownFileType = sourcecode.swift; path = DemographicViewModel.swift; sourceTree = "<group>"; };
		C883270F2F2E9411007A2AE8 /* MangaBeginsWithViewModel.swift */ = {isa = PBXFileReference; lastKnownFileType = sourcecode.swift; path = MangaBeginsWithViewModel.swift; sourceTree = "<group>"; };
		C88327112F2F6BBD007A2AE8 /* AuthorByNameViewModel.swift */ = {isa = PBXFileReference; lastKnownFileType = sourcecode.swift; path = AuthorByNameViewModel.swift; sourceTree = "<group>"; };
		C88327132F2F8072007A2AE8 /* CustomSearchViewModel.swift */ = {isa = PBXFileReference; lastKnownFileType = sourcecode.swift; path = CustomSearchViewModel.swift; sourceTree = "<group>"; };
		C88327152F2F8092007A2AE8 /* CustomSearchSheet.swift */ = {isa = PBXFileReference; lastKnownFileType = sourcecode.swift; path = CustomSearchSheet.swift; sourceTree = "<group>"; };
		C88327172F2FADB5007A2AE8 /* SearchFormViewModel.swift */ = {isa = PBXFileReference; lastKnownFileType = sourcecode.swift; path = SearchFormViewModel.swift; sourceTree = "<group>"; };
		C886A87A2F311CBF00A6EE9F /* EmptyStateView.swift */ = {isa = PBXFileReference; lastKnownFileType = sourcecode.swift; path = EmptyStateView.swift; sourceTree = "<group>"; };
		C886A87D2F311E6300A6EE9F /* MangaRow.swift */ = {isa = PBXFileReference; lastKnownFileType = sourcecode.swift; path = MangaRow.swift; sourceTree = "<group>"; };
		C886A8812F312BC400A6EE9F /* CachedAsyncImage.swift */ = {isa = PBXFileReference; lastKnownFileType = sourcecode.swift; path = CachedAsyncImage.swift; sourceTree = "<group>"; };
		C886A8832F312E6B00A6EE9F /* MultiSelectMenu.swift */ = {isa = PBXFileReference; lastKnownFileType = sourcecode.swift; path = MultiSelectMenu.swift; sourceTree = "<group>"; };
		C886A8872F312FF700A6EE9F /* ConfirmButton.swift */ = {isa = PBXFileReference; lastKnownFileType = sourcecode.swift; path = ConfirmButton.swift; sourceTree = "<group>"; };
		C886A8892F31340F00A6EE9F /* MangaDetailView.swift */ = {isa = PBXFileReference; lastKnownFileType = sourcecode.swift; path = MangaDetailView.swift; sourceTree = "<group>"; };
		C886A88B2F3138B500A6EE9F /* PreviewData.swift */ = {isa = PBXFileReference; lastKnownFileType = sourcecode.swift; path = PreviewData.swift; sourceTree = "<group>"; };
		C886A9042F326A4F00A6EE9F /* MangaListView.swift */ = {isa = PBXFileReference; lastKnownFileType = sourcecode.swift; path = MangaListView.swift; sourceTree = "<group>"; };
		C886A9062F326C0E00A6EE9F /* BestMangasCaroussel.swift */ = {isa = PBXFileReference; lastKnownFileType = sourcecode.swift; path = BestMangasCaroussel.swift; sourceTree = "<group>"; };
		C886A90D2F33508E00A6EE9F /* SearchView.swift */ = {isa = PBXFileReference; lastKnownFileType = sourcecode.swift; path = SearchView.swift; sourceTree = "<group>"; };
		C886A90F2F33610700A6EE9F /* CollectionView.swift */ = {isa = PBXFileReference; lastKnownFileType = sourcecode.swift; path = CollectionView.swift; sourceTree = "<group>"; };
		C886A9112F3363C600A6EE9F /* ProfileView.swift */ = {isa = PBXFileReference; lastKnownFileType = sourcecode.swift; path = ProfileView.swift; sourceTree = "<group>"; };
		C886A9132F33656F00A6EE9F /* CollectionCategoryView.swift */ = {isa = PBXFileReference; lastKnownFileType = sourcecode.swift; path = CollectionCategoryView.swift; sourceTree = "<group>"; };
		C886A9162F3380A000A6EE9F /* ViewModifiers.swift */ = {isa = PBXFileReference; lastKnownFileType = sourcecode.swift; path = ViewModifiers.swift; sourceTree = "<group>"; };
		C886A9182F3381B000A6EE9F /* MangaDetailComponents.swift */ = {isa = PBXFileReference; lastKnownFileType = sourcecode.swift; path = MangaDetailComponents.swift; sourceTree = "<group>"; };
		C886A91A2F3382C000A6EE9F /* MangaCollectionCard.swift */ = {isa = PBXFileReference; lastKnownFileType = sourcecode.swift; path = MangaCollectionCard.swift; sourceTree = "<group>"; };
		C89231452F2BD26F00001E62 /* URL.swift */ = {isa = PBXFileReference; lastKnownFileType = sourcecode.swift; path = URL.swift; sourceTree = "<group>"; };
		C89231482F2BD39C00001E62 /* NetworkRepository.swift */ = {isa = PBXFileReference; lastKnownFileType = sourcecode.swift; path = NetworkRepository.swift; sourceTree = "<group>"; };
		C892314B2F2BD51400001E62 /* MangaFetcher.swift */ = {isa = PBXFileReference; lastKnownFileType = sourcecode.swift; path = MangaFetcher.swift; sourceTree = "<group>"; };
/* End PBXFileReference section */

/* Begin PBXFrameworksBuildPhase section */
		C87D52212F2A7B6600243D35 /* Frameworks */ = {
			isa = PBXFrameworksBuildPhase;
			buildActionMask = 2147483647;
			files = (
				C87D52672F2A9A2100243D35 /* NetworkAPI in Frameworks */,
			);
			runOnlyForDeploymentPostprocessing = 0;
		};
/* End PBXFrameworksBuildPhase section */

/* Begin PBXGroup section */
		C87D521B2F2A7B6600243D35 = {
			isa = PBXGroup;
			children = (
				C87D52352F2A7E1600243D35 /* SDP26 */,
				C87D52642F2A996900243D35 /* Frameworks */,
				C87D52252F2A7B6600243D35 /* Products */,
			);
			sourceTree = "<group>";
		};
		C87D52252F2A7B6600243D35 /* Products */ = {
			isa = PBXGroup;
			children = (
				C87D52242F2A7B6600243D35 /* SDP26.app */,
			);
			name = Products;
			sourceTree = "<group>";
		};
		C87D52352F2A7E1600243D35 /* SDP26 */ = {
			isa = PBXGroup;
			children = (
				C88327022F2E815F007A2AE8 /* ViewModels */,
				C892314A2F2BD50600001E62 /* DataModel */,
				C87D525F2F2A8DB700243D35 /* Views */,
				C89231442F2BD25500001E62 /* Network */,
				C87D52392F2A7E1900243D35 /* Model */,
				C87D525E2F2A8DAB00243D35 /* System */,
				C87D52322F2A7E1600243D35 /* Assets.xcassets */,
				C829C6812F36642400B5FE01 /* icon.icon */,
			);
			path = SDP26;
			sourceTree = "<group>";
		};
		C87D52392F2A7E1900243D35 /* Model */ = {
			isa = PBXGroup;
			children = (
				C87D523A2F2A7E3200243D35 /* AuthorRole.swift */,
				C87D523C2F2A7EC500243D35 /* MangaStatus.swift */,
				C87D523E2F2A7F5500243D35 /* ThemeDTO.swift */,
				C886A88B2F3138B500A6EE9F /* PreviewData.swift */,
				C87D52402F2A7F9700243D35 /* AuthorsIdsRequest.swift */,
				C87D52422F2A7FC400243D35 /* GenreDTO.swift */,
				C87D52442F2A806900243D35 /* PageMetadataDTO.swift */,
				C87D52462F2A80CF00243D35 /* CustomSearch.swift */,
				C87D52482F2A815400243D35 /* AuthorDTO.swift */,
				C87D524A2F2A81F500243D35 /* UserMangaCollectionRequest.swift */,
				C87D524C2F2A836F00243D35 /* DemographicDTO.swift */,
				C87D524E2F2A84C400243D35 /* JWTTokenResponse.swift */,
				C87D52502F2A84E100243D35 /* UsersCreate.swift */,
				C87D52522F2A852D00243D35 /* UserResponse.swift */,
				C87D52542F2A880B00243D35 /* AuthorPageDTO.swift */,
				C87D52562F2A88E400243D35 /* Demographic.swift */,
				C87D52582F2A892200243D35 /* MangaDTO.swift */,
				C87D525A2F2A8A5100243D35 /* MangaPageDTO.swift */,
				C87D525C2F2A8BF400243D35 /* UserMangaCollectionDTO.swift */,
			);
			path = Model;
			sourceTree = "<group>";
		};
		C87D525E2F2A8DAB00243D35 /* System */ = {
			isa = PBXGroup;
			children = (
				C87D52342F2A7E1600243D35 /* SDP26App.swift */,
			);
			path = System;
			sourceTree = "<group>";
		};
		C87D525F2F2A8DB700243D35 /* Views */ = {
			isa = PBXGroup;
			children = (
				C886A87B2F311CBF00A6EE9F /* Components */,
				C87D52332F2A7E1600243D35 /* ContentView.swift */,
				C829C67D2F36604900B5FE01 /* AuthorDetailView.swift */,
				C886A8892F31340F00A6EE9F /* MangaDetailView.swift */,
				C886A90D2F33508E00A6EE9F /* SearchView.swift */,
				C88327152F2F8092007A2AE8 /* CustomSearchSheet.swift */,
				C886A9112F3363C600A6EE9F /* ProfileView.swift */,
				C87D52602F2A8FE900243D35 /* AuthorsListView.swift */,
				C886A90F2F33610700A6EE9F /* CollectionView.swift */,
				C886A9042F326A4F00A6EE9F /* MangaListView.swift */,
			);
			path = Views;
			sourceTree = "<group>";
		};
		C87D52642F2A996900243D35 /* Frameworks */ = {
			isa = PBXGroup;
			children = (
				C87D52652F2A996900243D35 /* NetworkAPI */,
			);
			name = Frameworks;
			sourceTree = "<group>";
		};
		C88327022F2E815F007A2AE8 /* ViewModels */ = {
			isa = PBXGroup;
			children = (
				C88327052F2E82F5007A2AE8 /* BestMangaViewModel.swift */,
				C88327072F2E8CCD007A2AE8 /* AuthorViewModel.swift */,
				C883270D2F2E8CFB007A2AE8 /* DemographicViewModel.swift */,
				C88327092F2E8CD3007A2AE8 /* ThemeViewModel.swift */,
				C88327112F2F6BBD007A2AE8 /* AuthorByNameViewModel.swift */,
				C88327172F2FADB5007A2AE8 /* SearchFormViewModel.swift */,
				C88327132F2F8072007A2AE8 /* CustomSearchViewModel.swift */,
				C883270B2F2E8CE7007A2AE8 /* GenreViewModel.swift */,
				C883270F2F2E9411007A2AE8 /* MangaBeginsWithViewModel.swift */,
				C88327032F2E816F007A2AE8 /* MangaViewModel.swift */,
				C829C67F2F36605D00B5FE01 /* MangasByAuthorViewModel.swift */,
			);
			path = ViewModels;
			sourceTree = "<group>";
		};
		C886A87B2F311CBF00A6EE9F /* Components */ = {
			isa = PBXGroup;
			children = (
				C886A8872F312FF700A6EE9F /* ConfirmButton.swift */,
				C886A8812F312BC400A6EE9F /* CachedAsyncImage.swift */,
				C886A87A2F311CBF00A6EE9F /* EmptyStateView.swift */,
				C886A8832F312E6B00A6EE9F /* MultiSelectMenu.swift */,
				C886A87D2F311E6300A6EE9F /* MangaRow.swift */,
				C886A9062F326C0E00A6EE9F /* BestMangasCaroussel.swift */,
				C886A9132F33656F00A6EE9F /* CollectionCategoryView.swift */,
				C886A9162F3380A000A6EE9F /* ViewModifiers.swift */,
				C886A9182F3381B000A6EE9F /* MangaDetailComponents.swift */,
				C886A91A2F3382C000A6EE9F /* MangaCollectionCard.swift */,
			);
			path = Components;
			sourceTree = "<group>";
		};
		C89231442F2BD25500001E62 /* Network */ = {
			isa = PBXGroup;
			children = (
				C89231452F2BD26F00001E62 /* URL.swift */,
				C89231482F2BD39C00001E62 /* NetworkRepository.swift */,
			);
			path = Network;
			sourceTree = "<group>";
		};
		C892314A2F2BD50600001E62 /* DataModel */ = {
			isa = PBXGroup;
			children = (
				C892314B2F2BD51400001E62 /* MangaFetcher.swift */,
			);
			path = DataModel;
			sourceTree = "<group>";
		};
/* End PBXGroup section */

/* Begin PBXNativeTarget section */
		C87D52232F2A7B6600243D35 /* SDP26 */ = {
			isa = PBXNativeTarget;
			buildConfigurationList = C87D522F2F2A7B6F00243D35 /* Build configuration list for PBXNativeTarget "SDP26" */;
			buildPhases = (
				C87D52202F2A7B6600243D35 /* Sources */,
				C87D52212F2A7B6600243D35 /* Frameworks */,
				C87D52222F2A7B6600243D35 /* Resources */,
			);
			buildRules = (
			);
			dependencies = (
			);
			name = SDP26;
			packageProductDependencies = (
				C87D52662F2A9A2100243D35 /* NetworkAPI */,
			);
			productName = SDP26;
			productReference = C87D52242F2A7B6600243D35 /* SDP26.app */;
			productType = "com.apple.product-type.application";
		};
/* End PBXNativeTarget section */

/* Begin PBXProject section */
		C87D521C2F2A7B6600243D35 /* Project object */ = {
			isa = PBXProject;
			attributes = {
				BuildIndependentTargetsInParallel = 1;
				LastSwiftUpdateCheck = 2610;
				LastUpgradeCheck = 2610;
				TargetAttributes = {
					C87D52232F2A7B6600243D35 = {
						CreatedOnToolsVersion = 26.1.1;
					};
				};
			};
			buildConfigurationList = C87D521F2F2A7B6600243D35 /* Build configuration list for PBXProject "SDP26" */;
			developmentRegion = en;
			hasScannedForEncodings = 0;
			knownRegions = (
				en,
				Base,
			);
			mainGroup = C87D521B2F2A7B6600243D35;
			minimizedProjectReferenceProxies = 1;
			preferredProjectObjectVersion = 77;
			productRefGroup = C87D52252F2A7B6600243D35 /* Products */;
			projectDirPath = "";
			projectRoot = "";
			targets = (
				C87D52232F2A7B6600243D35 /* SDP26 */,
			);
		};
/* End PBXProject section */

/* Begin PBXResourcesBuildPhase section */
		C87D52222F2A7B6600243D35 /* Resources */ = {
			isa = PBXResourcesBuildPhase;
			buildActionMask = 2147483647;
			files = (
				C87D52362F2A7E1600243D35 /* Assets.xcassets in Resources */,
				C829C6822F36642400B5FE01 /* icon.icon in Resources */,
			);
			runOnlyForDeploymentPostprocessing = 0;
		};
/* End PBXResourcesBuildPhase section */

/* Begin PBXSourcesBuildPhase section */
		C87D52202F2A7B6600243D35 /* Sources */ = {
			isa = PBXSourcesBuildPhase;
			buildActionMask = 2147483647;
			files = (
				C87D523D2F2A7EC500243D35 /* MangaStatus.swift in Sources */,
				C88327182F2FADB5007A2AE8 /* SearchFormViewModel.swift in Sources */,
				C88327142F2F8072007A2AE8 /* CustomSearchViewModel.swift in Sources */,
				C88327062F2E82F5007A2AE8 /* BestMangaViewModel.swift in Sources */,
				C886A9122F3363C600A6EE9F /* ProfileView.swift in Sources */,
				C886A9102F33610700A6EE9F /* CollectionView.swift in Sources */,
				C87D52432F2A7FC400243D35 /* GenreDTO.swift in Sources */,
				C87D52572F2A88E400243D35 /* Demographic.swift in Sources */,
				C89231462F2BD26F00001E62 /* URL.swift in Sources */,
				C89231492F2BD39C00001E62 /* NetworkRepository.swift in Sources */,
				C886A8882F312FF700A6EE9F /* ConfirmButton.swift in Sources */,
				C886A8822F312BC400A6EE9F /* CachedAsyncImage.swift in Sources */,
				C886A90E2F33508E00A6EE9F /* SearchView.swift in Sources */,
				C883270E2F2E8CFB007A2AE8 /* DemographicViewModel.swift in Sources */,
				C88327162F2F8092007A2AE8 /* CustomSearchSheet.swift in Sources */,
				C88327082F2E8CCD007A2AE8 /* AuthorViewModel.swift in Sources */,
				C88327102F2E9411007A2AE8 /* MangaBeginsWithViewModel.swift in Sources */,
				C886A9072F326C0E00A6EE9F /* BestMangasCaroussel.swift in Sources */,
				C87D52492F2A815400243D35 /* AuthorDTO.swift in Sources */,
				C886A9052F326A4F00A6EE9F /* MangaListView.swift in Sources */,
				C87D52372F2A7E1600243D35 /* ContentView.swift in Sources */,
				C87D52512F2A84E100243D35 /* UsersCreate.swift in Sources */,
				C87D52552F2A880B00243D35 /* AuthorPageDTO.swift in Sources */,
				C87D52532F2A852D00243D35 /* UserResponse.swift in Sources */,
				C87D523B2F2A7E3200243D35 /* AuthorRole.swift in Sources */,
				C886A87C2F311CBF00A6EE9F /* EmptyStateView.swift in Sources */,
				C886A8842F312E6B00A6EE9F /* MultiSelectMenu.swift in Sources */,
				C883270C2F2E8CE7007A2AE8 /* GenreViewModel.swift in Sources */,
				C886A9142F33656F00A6EE9F /* CollectionCategoryView.swift in Sources */,
				C829C6802F36605D00B5FE01 /* MangasByAuthorViewModel.swift in Sources */,
				C892314C2F2BD51400001E62 /* MangaFetcher.swift in Sources */,
				C829C67E2F36604A00B5FE01 /* AuthorDetailView.swift in Sources */,
				C88327122F2F6BBD007A2AE8 /* AuthorByNameViewModel.swift in Sources */,
				C88327042F2E816F007A2AE8 /* MangaViewModel.swift in Sources */,
				C87D524F2F2A84C400243D35 /* JWTTokenResponse.swift in Sources */,
				C87D525B2F2A8A5100243D35 /* MangaPageDTO.swift in Sources */,
				C886A87E2F311E6300A6EE9F /* MangaRow.swift in Sources */,
				C87D52592F2A892200243D35 /* MangaDTO.swift in Sources */,
				C87D52612F2A8FE900243D35 /* AuthorsListView.swift in Sources */,
				C886A88A2F31340F00A6EE9F /* MangaDetailView.swift in Sources */,
				C886A88C2F3138B500A6EE9F /* PreviewData.swift in Sources */,
				C87D524D2F2A836F00243D35 /* DemographicDTO.swift in Sources */,
				C87D525D2F2A8BF400243D35 /* UserMangaCollectionDTO.swift in Sources */,
				C87D524B2F2A81F500243D35 /* UserMangaCollectionRequest.swift in Sources */,
				C87D52472F2A80CF00243D35 /* CustomSearch.swift in Sources */,
				C87D52412F2A7F9700243D35 /* AuthorsIdsRequest.swift in Sources */,
				C87D52452F2A806900243D35 /* PageMetadataDTO.swift in Sources */,
				C87D52382F2A7E1600243D35 /* SDP26App.swift in Sources */,
				C883270A2F2E8CD3007A2AE8 /* ThemeViewModel.swift in Sources */,
				C87D523F2F2A7F5500243D35 /* ThemeDTO.swift in Sources */,
				C886A9152F3380A000A6EE9F /* ViewModifiers.swift in Sources */,
				C886A9172F3381B000A6EE9F /* MangaDetailComponents.swift in Sources */,
				C886A9192F3382C000A6EE9F /* MangaCollectionCard.swift in Sources */,
			);
			runOnlyForDeploymentPostprocessing = 0;
		};
/* End PBXSourcesBuildPhase section */

/* Begin XCBuildConfiguration section */
		C87D522D2F2A7B6F00243D35 /* Debug */ = {
			isa = XCBuildConfiguration;
			buildSettings = {
				ALWAYS_SEARCH_USER_PATHS = NO;
				ASSETCATALOG_COMPILER_GENERATE_SWIFT_ASSET_SYMBOL_EXTENSIONS = YES;
				CLANG_ANALYZER_NONNULL = YES;
				CLANG_ANALYZER_NUMBER_OBJECT_CONVERSION = YES_AGGRESSIVE;
				CLANG_CXX_LANGUAGE_STANDARD = "gnu++20";
				CLANG_ENABLE_MODULES = YES;
				CLANG_ENABLE_OBJC_ARC = YES;
				CLANG_ENABLE_OBJC_WEAK = YES;
				CLANG_WARN_BLOCK_CAPTURE_AUTORELEASING = YES;
				CLANG_WARN_BOOL_CONVERSION = YES;
				CLANG_WARN_COMMA = YES;
				CLANG_WARN_CONSTANT_CONVERSION = YES;
				CLANG_WARN_DEPRECATED_OBJC_IMPLEMENTATIONS = YES;
				CLANG_WARN_DIRECT_OBJC_ISA_USAGE = YES_ERROR;
				CLANG_WARN_DOCUMENTATION_COMMENTS = YES;
				CLANG_WARN_EMPTY_BODY = YES;
				CLANG_WARN_ENUM_CONVERSION = YES;
				CLANG_WARN_INFINITE_RECURSION = YES;
				CLANG_WARN_INT_CONVERSION = YES;
				CLANG_WARN_NON_LITERAL_NULL_CONVERSION = YES;
				CLANG_WARN_OBJC_IMPLICIT_RETAIN_SELF = YES;
				CLANG_WARN_OBJC_LITERAL_CONVERSION = YES;
				CLANG_WARN_OBJC_ROOT_CLASS = YES_ERROR;
				CLANG_WARN_QUOTED_INCLUDE_IN_FRAMEWORK_HEADER = YES;
				CLANG_WARN_RANGE_LOOP_ANALYSIS = YES;
				CLANG_WARN_STRICT_PROTOTYPES = YES;
				CLANG_WARN_SUSPICIOUS_MOVE = YES;
				CLANG_WARN_UNGUARDED_AVAILABILITY = YES_AGGRESSIVE;
				CLANG_WARN_UNREACHABLE_CODE = YES;
				CLANG_WARN__DUPLICATE_METHOD_MATCH = YES;
				COPY_PHASE_STRIP = NO;
				DEBUG_INFORMATION_FORMAT = dwarf;
				DEVELOPMENT_TEAM = MBFB47H6TQ;
				ENABLE_STRICT_OBJC_MSGSEND = YES;
				ENABLE_TESTABILITY = YES;
				ENABLE_USER_SCRIPT_SANDBOXING = YES;
				GCC_C_LANGUAGE_STANDARD = gnu17;
				GCC_DYNAMIC_NO_PIC = NO;
				GCC_NO_COMMON_BLOCKS = YES;
				GCC_OPTIMIZATION_LEVEL = 0;
				GCC_PREPROCESSOR_DEFINITIONS = (
					"DEBUG=1",
					"$(inherited)",
				);
				GCC_WARN_64_TO_32_BIT_CONVERSION = YES;
				GCC_WARN_ABOUT_RETURN_TYPE = YES_ERROR;
				GCC_WARN_UNDECLARED_SELECTOR = YES;
				GCC_WARN_UNINITIALIZED_AUTOS = YES_AGGRESSIVE;
				GCC_WARN_UNUSED_FUNCTION = YES;
				GCC_WARN_UNUSED_VARIABLE = YES;
				IPHONEOS_DEPLOYMENT_TARGET = 26.1;
				LOCALIZATION_PREFERS_STRING_CATALOGS = YES;
				MTL_ENABLE_DEBUG_INFO = INCLUDE_SOURCE;
				MTL_FAST_MATH = YES;
				ONLY_ACTIVE_ARCH = YES;
				SDKROOT = iphoneos;
				SWIFT_ACTIVE_COMPILATION_CONDITIONS = "DEBUG $(inherited)";
				SWIFT_OPTIMIZATION_LEVEL = "-Onone";
			};
			name = Debug;
		};
		C87D522E2F2A7B6F00243D35 /* Release */ = {
			isa = XCBuildConfiguration;
			buildSettings = {
				ALWAYS_SEARCH_USER_PATHS = NO;
				ASSETCATALOG_COMPILER_GENERATE_SWIFT_ASSET_SYMBOL_EXTENSIONS = YES;
				CLANG_ANALYZER_NONNULL = YES;
				CLANG_ANALYZER_NUMBER_OBJECT_CONVERSION = YES_AGGRESSIVE;
				CLANG_CXX_LANGUAGE_STANDARD = "gnu++20";
				CLANG_ENABLE_MODULES = YES;
				CLANG_ENABLE_OBJC_ARC = YES;
				CLANG_ENABLE_OBJC_WEAK = YES;
				CLANG_WARN_BLOCK_CAPTURE_AUTORELEASING = YES;
				CLANG_WARN_BOOL_CONVERSION = YES;
				CLANG_WARN_COMMA = YES;
				CLANG_WARN_CONSTANT_CONVERSION = YES;
				CLANG_WARN_DEPRECATED_OBJC_IMPLEMENTATIONS = YES;
				CLANG_WARN_DIRECT_OBJC_ISA_USAGE = YES_ERROR;
				CLANG_WARN_DOCUMENTATION_COMMENTS = YES;
				CLANG_WARN_EMPTY_BODY = YES;
				CLANG_WARN_ENUM_CONVERSION = YES;
				CLANG_WARN_INFINITE_RECURSION = YES;
				CLANG_WARN_INT_CONVERSION = YES;
				CLANG_WARN_NON_LITERAL_NULL_CONVERSION = YES;
				CLANG_WARN_OBJC_IMPLICIT_RETAIN_SELF = YES;
				CLANG_WARN_OBJC_LITERAL_CONVERSION = YES;
				CLANG_WARN_OBJC_ROOT_CLASS = YES_ERROR;
				CLANG_WARN_QUOTED_INCLUDE_IN_FRAMEWORK_HEADER = YES;
				CLANG_WARN_RANGE_LOOP_ANALYSIS = YES;
				CLANG_WARN_STRICT_PROTOTYPES = YES;
				CLANG_WARN_SUSPICIOUS_MOVE = YES;
				CLANG_WARN_UNGUARDED_AVAILABILITY = YES_AGGRESSIVE;
				CLANG_WARN_UNREACHABLE_CODE = YES;
				CLANG_WARN__DUPLICATE_METHOD_MATCH = YES;
				COPY_PHASE_STRIP = NO;
				DEBUG_INFORMATION_FORMAT = "dwarf-with-dsym";
				DEVELOPMENT_TEAM = MBFB47H6TQ;
				ENABLE_NS_ASSERTIONS = NO;
				ENABLE_STRICT_OBJC_MSGSEND = YES;
				ENABLE_USER_SCRIPT_SANDBOXING = YES;
				GCC_C_LANGUAGE_STANDARD = gnu17;
				GCC_NO_COMMON_BLOCKS = YES;
				GCC_WARN_64_TO_32_BIT_CONVERSION = YES;
				GCC_WARN_ABOUT_RETURN_TYPE = YES_ERROR;
				GCC_WARN_UNDECLARED_SELECTOR = YES;
				GCC_WARN_UNINITIALIZED_AUTOS = YES_AGGRESSIVE;
				GCC_WARN_UNUSED_FUNCTION = YES;
				GCC_WARN_UNUSED_VARIABLE = YES;
				IPHONEOS_DEPLOYMENT_TARGET = 26.1;
				LOCALIZATION_PREFERS_STRING_CATALOGS = YES;
				MTL_ENABLE_DEBUG_INFO = NO;
				MTL_FAST_MATH = YES;
				SDKROOT = iphoneos;
				SWIFT_COMPILATION_MODE = wholemodule;
				VALIDATE_PRODUCT = YES;
			};
			name = Release;
		};
		C87D52302F2A7B6F00243D35 /* Debug */ = {
			isa = XCBuildConfiguration;
			buildSettings = {
				ASSETCATALOG_COMPILER_APPICON_NAME = AppIcon;
				ASSETCATALOG_COMPILER_GLOBAL_ACCENT_COLOR_NAME = AccentColor;
				CODE_SIGN_STYLE = Automatic;
				CURRENT_PROJECT_VERSION = 1;
				DEVELOPMENT_TEAM = MBFB47H6TQ;
				ENABLE_PREVIEWS = YES;
				GENERATE_INFOPLIST_FILE = YES;
				INFOPLIST_KEY_UIApplicationSceneManifest_Generation = YES;
				INFOPLIST_KEY_UIApplicationSupportsIndirectInputEvents = YES;
				INFOPLIST_KEY_UILaunchScreen_Generation = YES;
				INFOPLIST_KEY_UISupportedInterfaceOrientations_iPad = "UIInterfaceOrientationPortrait UIInterfaceOrientationPortraitUpsideDown UIInterfaceOrientationLandscapeLeft UIInterfaceOrientationLandscapeRight";
				INFOPLIST_KEY_UISupportedInterfaceOrientations_iPhone = "UIInterfaceOrientationPortrait UIInterfaceOrientationLandscapeLeft UIInterfaceOrientationLandscapeRight";
				LD_RUNPATH_SEARCH_PATHS = (
					"$(inherited)",
					"@executable_path/Frameworks",
				);
				MARKETING_VERSION = 1.0;
				PRODUCT_BUNDLE_IDENTIFIER = prueba.SDP26;
				PRODUCT_NAME = "$(TARGET_NAME)";
				STRING_CATALOG_GENERATE_SYMBOLS = YES;
				SWIFT_APPROACHABLE_CONCURRENCY = NO;
				SWIFT_DEFAULT_ACTOR_ISOLATION = MainActor;
				SWIFT_EMIT_LOC_STRINGS = YES;
				SWIFT_UPCOMING_FEATURE_MEMBER_IMPORT_VISIBILITY = YES;
				SWIFT_VERSION = 6.0;
				TARGETED_DEVICE_FAMILY = "1,2";
			};
			name = Debug;
		};
		C87D52312F2A7B6F00243D35 /* Release */ = {
			isa = XCBuildConfiguration;
			buildSettings = {
				ASSETCATALOG_COMPILER_APPICON_NAME = AppIcon;
				ASSETCATALOG_COMPILER_GLOBAL_ACCENT_COLOR_NAME = AccentColor;
				CODE_SIGN_STYLE = Automatic;
				CURRENT_PROJECT_VERSION = 1;
				DEVELOPMENT_TEAM = MBFB47H6TQ;
				ENABLE_PREVIEWS = YES;
				GENERATE_INFOPLIST_FILE = YES;
				INFOPLIST_KEY_UIApplicationSceneManifest_Generation = YES;
				INFOPLIST_KEY_UIApplicationSupportsIndirectInputEvents = YES;
				INFOPLIST_KEY_UILaunchScreen_Generation = YES;
				INFOPLIST_KEY_UISupportedInterfaceOrientations_iPad = "UIInterfaceOrientationPortrait UIInterfaceOrientationPortraitUpsideDown UIInterfaceOrientationLandscapeLeft UIInterfaceOrientationLandscapeRight";
				INFOPLIST_KEY_UISupportedInterfaceOrientations_iPhone = "UIInterfaceOrientationPortrait UIInterfaceOrientationLandscapeLeft UIInterfaceOrientationLandscapeRight";
				LD_RUNPATH_SEARCH_PATHS = (
					"$(inherited)",
					"@executable_path/Frameworks",
				);
				MARKETING_VERSION = 1.0;
				PRODUCT_BUNDLE_IDENTIFIER = prueba.SDP26;
				PRODUCT_NAME = "$(TARGET_NAME)";
				STRING_CATALOG_GENERATE_SYMBOLS = YES;
				SWIFT_APPROACHABLE_CONCURRENCY = NO;
				SWIFT_DEFAULT_ACTOR_ISOLATION = MainActor;
				SWIFT_EMIT_LOC_STRINGS = YES;
				SWIFT_UPCOMING_FEATURE_MEMBER_IMPORT_VISIBILITY = YES;
				SWIFT_VERSION = 6.0;
				TARGETED_DEVICE_FAMILY = "1,2";
			};
			name = Release;
		};
/* End XCBuildConfiguration section */

/* Begin XCConfigurationList section */
		C87D521F2F2A7B6600243D35 /* Build configuration list for PBXProject "SDP26" */ = {
			isa = XCConfigurationList;
			buildConfigurations = (
				C87D522D2F2A7B6F00243D35 /* Debug */,
				C87D522E2F2A7B6F00243D35 /* Release */,
			);
			defaultConfigurationIsVisible = 0;
			defaultConfigurationName = Release;
		};
		C87D522F2F2A7B6F00243D35 /* Build configuration list for PBXNativeTarget "SDP26" */ = {
			isa = XCConfigurationList;
			buildConfigurations = (
				C87D52302F2A7B6F00243D35 /* Debug */,
				C87D52312F2A7B6F00243D35 /* Release */,
			);
			defaultConfigurationIsVisible = 0;
			defaultConfigurationName = Release;
		};
/* End XCConfigurationList section */

/* Begin XCSwiftPackageProductDependency section */
		C87D52662F2A9A2100243D35 /* NetworkAPI */ = {
			isa = XCSwiftPackageProductDependency;
			productName = NetworkAPI;
		};
/* End XCSwiftPackageProductDependency section */
	};
	rootObject = C87D521C2F2A7B6600243D35 /* Project object */;
}
